
Microsoft Visual Studio Solution File, Format Version 12.00
# Visual Studio 2013
VisualStudioVersion = 12.0.20617.1 PREVIEW
MinimumVisualStudioVersion = 10.0.40219.1
Project("{8BC9CEB8-8B4A-11D0-8D11-00A0C91BC942}") = "Example1", "Example1\Example1.vcxproj", "{ADA268DF-29DD-44A6-AFAF-AAF72792B26D}"
EndProject
Project("{8BC9CEB8-8B4A-11D0-8D11-00A0C91BC942}") = "Example2", "Example2\Example2.vcxproj", "{7EFF861D-C4E1-46FA-BC79-0D26E2317206}"
EndProject
Project("{8BC9CEB8-8B4A-11D0-8D11-00A0C91BC942}") = "PplExample1", "PplExample1\PplExample1.vcxproj", "{69124C37-A92A-46F0-9E99-AADD64C7A38D}"
EndProject
Project("{8BC9CEB8-8B4A-11D0-8D11-00A0C91BC942}") = "PplxExample1", "PplxExample1\PplxExample1.vcxproj", "{011075B4-04F1-4403-ACC3-912CD424AF2D}"
EndProject
Project("{8BC9CEB8-8B4A-11D0-8D11-00A0C91BC942}") = "PplxExample2", "PplxExample2\PplxExample2.vcxproj", "{BC5A1B7B-4FA0-4031-AAEB-7F7546F2C2B4}"
EndProject
Project("{8BC9CEB8-8B4A-11D0-8D11-00A0C91BC942}") = "std_future_example1", "std_future_example1\std_future_example1.vcxproj", "{02D274CC-E69A-4F36-91C3-C3B83C866E66}"
EndProject
Global
	GlobalSection(SolutionConfigurationPlatforms) = preSolution
		Debug|Win32 = Debug|Win32
		Release|Win32 = Release|Win32
	EndGlobalSection
	GlobalSection(ProjectConfigurationPlatforms) = postSolution
		{ADA268DF-29DD-44A6-AFAF-AAF72792B26D}.Debug|Win32.ActiveCfg = Debug|Win32
		{ADA268DF-29DD-44A6-AFAF-AAF72792B26D}.Debug|Win32.Build.0 = Debug|Win32
		{ADA268DF-29DD-44A6-AFAF-AAF72792B26D}.Release|Win32.ActiveCfg = Release|Win32
		{ADA268DF-29DD-44A6-AFAF-AAF72792B26D}.Release|Win32.Build.0 = Release|Win32
		{7EFF861D-C4E1-46FA-BC79-0D26E2317206}.Debug|Win32.ActiveCfg = Debug|Win32
		{7EFF861D-C4E1-46FA-BC79-0D26E2317206}.Debug|Win32.Build.0 = Debug|Win32
		{7EFF861D-C4E1-46FA-BC79-0D26E2317206}.Release|Win32.ActiveCfg = Release|Win32
		{7EFF861D-C4E1-46FA-BC79-0D26E2317206}.Release|Win32.Build.0 = Release|Win32
		{69124C37-A92A-46F0-9E99-AADD64C7A38D}.Debug|Win32.ActiveCfg = Debug|Win32
		{69124C37-A92A-46F0-9E99-AADD64C7A38D}.Debug|Win32.Build.0 = Debug|Win32
		{69124C37-A92A-46F0-9E99-AADD64C7A38D}.Release|Win32.ActiveCfg = Release|Win32
		{69124C37-A92A-46F0-9E99-AADD64C7A38D}.Release|Win32.Build.0 = Release|Win32
		{011075B4-04F1-4403-ACC3-912CD424AF2D}.Debug|Win32.ActiveCfg = Debug|Win32
		{011075B4-04F1-4403-ACC3-912CD424AF2D}.Debug|Win32.Build.0 = Debug|Win32
		{011075B4-04F1-4403-ACC3-912CD424AF2D}.Release|Win32.ActiveCfg = Release|Win32
		{011075B4-04F1-4403-ACC3-912CD424AF2D}.Release|Win32.Build.0 = Release|Win32
		{BC5A1B7B-4FA0-4031-AAEB-7F7546F2C2B4}.Debug|Win32.ActiveCfg = Debug|Win32
		{BC5A1B7B-4FA0-4031-AAEB-7F7546F2C2B4}.Debug|Win32.Build.0 = Debug|Win32
		{BC5A1B7B-4FA0-4031-AAEB-7F7546F2C2B4}.Release|Win32.ActiveCfg = Release|Win32
		{BC5A1B7B-4FA0-4031-AAEB-7F7546F2C2B4}.Release|Win32.Build.0 = Release|Win32
		{02D274CC-E69A-4F36-91C3-C3B83C866E66}.Debug|Win32.ActiveCfg = Debug|Win32
		{02D274CC-E69A-4F36-91C3-C3B83C866E66}.Debug|Win32.Build.0 = Debug|Win32
		{02D274CC-E69A-4F36-91C3-C3B83C866E66}.Release|Win32.ActiveCfg = Release|Win32
		{02D274CC-E69A-4F36-91C3-C3B83C866E66}.Release|Win32.Build.0 = Release|Win32
	EndGlobalSection
	GlobalSection(SolutionProperties) = preSolution
		HideSolutionNode = FALSE
	EndGlobalSection
EndGlobal
